// !$*UTF8*$!
{
	archiveVersion = 1;
	classes = {
	};
	objectVersion = 50;
	objects = {

/* Begin PBXBuildFile section */
		181751DC20874E2B001AECC4 /* AppDelegate.swift in Sources */ = {isa = PBXBuildFile; fileRef = 181751DB20874E2B001AECC4 /* AppDelegate.swift */; };
		181751DE20874E2B001AECC4 /* ViewController.swift in Sources */ = {isa = PBXBuildFile; fileRef = 181751DD20874E2B001AECC4 /* ViewController.swift */; };
		181751E120874E2B001AECC4 /* Main.storyboard in Resources */ = {isa = PBXBuildFile; fileRef = 181751DF20874E2B001AECC4 /* Main.storyboard */; };
		181751E320874E2D001AECC4 /* Assets.xcassets in Resources */ = {isa = PBXBuildFile; fileRef = 181751E220874E2D001AECC4 /* Assets.xcassets */; };
		181751E620874E2D001AECC4 /* LaunchScreen.storyboard in Resources */ = {isa = PBXBuildFile; fileRef = 181751E420874E2D001AECC4 /* LaunchScreen.storyboard */; };
		181751F120874E2D001AECC4 /* heaxTests.swift in Sources */ = {isa = PBXBuildFile; fileRef = 181751F020874E2D001AECC4 /* heaxTests.swift */; };
		181751FC20874E2D001AECC4 /* heaxUITests.swift in Sources */ = {isa = PBXBuildFile; fileRef = 181751FB20874E2D001AECC4 /* heaxUITests.swift */; };
/* End PBXBuildFile section */

/* Begin PBXContainerItemProxy section */
		181751ED20874E2D001AECC4 /* PBXContainerItemProxy */ = {
			isa = PBXContainerItemProxy;
			containerPortal = 181751D020874E2B001AECC4 /* Project object */;
			proxyType = 1;
			remoteGlobalIDString = 181751D720874E2B001AECC4;
			remoteInfo = heax;
		};
		181751F820874E2D001AECC4 /* PBXContainerItemProxy */ = {
			isa = PBXContainerItemProxy;
			containerPortal = 181751D020874E2B001AECC4 /* Project object */;
			proxyType = 1;
			remoteGlobalIDString = 181751D720874E2B001AECC4;
			remoteInfo = heax;
		};
/* End PBXContainerItemProxy section */

/* Begin PBXFileReference section */
		181751D820874E2B001AECC4 /* heax.app */ = {isa = PBXFileReference; explicitFileType = wrapper.application; includeInIndex = 0; path = heax.app; sourceTree = BUILT_PRODUCTS_DIR; };
		181751DB20874E2B001AECC4 /* AppDelegate.swift */ = {isa = PBXFileReference; lastKnownFileType = sourcecode.swift; path = AppDelegate.swift; sourceTree = "<group>"; };
		181751DD20874E2B001AECC4 /* ViewController.swift */ = {isa = PBXFileReference; lastKnownFileType = sourcecode.swift; path = ViewController.swift; sourceTree = "<group>"; };
		181751E020874E2B001AECC4 /* Base */ = {isa = PBXFileReference; lastKnownFileType = file.storyboard; name = Base; path = Base.lproj/Main.storyboard; sourceTree = "<group>"; };
		181751E220874E2D001AECC4 /* Assets.xcassets */ = {isa = PBXFileReference; lastKnownFileType = folder.assetcatalog; path = Assets.xcassets; sourceTree = "<group>"; };
		181751E520874E2D001AECC4 /* Base */ = {isa = PBXFileReference; lastKnownFileType = file.storyboard; name = Base; path = Base.lproj/LaunchScreen.storyboard; sourceTree = "<group>"; };
		181751E720874E2D001AECC4 /* Info.plist */ = {isa = PBXFileReference; lastKnownFileType = text.plist.xml; path = Info.plist; sourceTree = "<group>"; };
		181751EC20874E2D001AECC4 /* heaxTests.xctest */ = {isa = PBXFileReference; explicitFileType = wrapper.cfbundle; includeInIndex = 0; path = heaxTests.xctest; sourceTree = BUILT_PRODUCTS_DIR; };
		181751F020874E2D001AECC4 /* heaxTests.swift */ = {isa = PBXFileReference; lastKnownFileType = sourcecode.swift; path = heaxTests.swift; sourceTree = "<group>"; };
		181751F220874E2D001AECC4 /* Info.plist */ = {isa = PBXFileReference; lastKnownFileType = text.plist.xml; path = Info.plist; sourceTree = "<group>"; };
		181751F720874E2D001AECC4 /* heaxUITests.xctest */ = {isa = PBXFileReference; explicitFileType = wrapper.cfbundle; includeInIndex = 0; path = heaxUITests.xctest; sourceTree = BUILT_PRODUCTS_DIR; };
		181751FB20874E2D001AECC4 /* heaxUITests.swift */ = {isa = PBXFileReference; lastKnownFileType = sourcecode.swift; path = heaxUITests.swift; sourceTree = "<group>"; };
		181751FD20874E2D001AECC4 /* Info.plist */ = {isa = PBXFileReference; lastKnownFileType = text.plist.xml; path = Info.plist; sourceTree = "<group>"; };
/* End PBXFileReference section */

/* Begin PBXFrameworksBuildPhase section */
		181751D520874E2B001AECC4 /* Frameworks */ = {
			isa = PBXFrameworksBuildPhase;
			buildActionMask = 2147483647;
			files = (
			);
			runOnlyForDeploymentPostprocessing = 0;
		};
		181751E920874E2D001AECC4 /* Frameworks */ = {
			isa = PBXFrameworksBuildPhase;
			buildActionMask = 2147483647;
			files = (
			);
			runOnlyForDeploymentPostprocessing = 0;
		};
		181751F420874E2D001AECC4 /* Frameworks */ = {
			isa = PBXFrameworksBuildPhase;
			buildActionMask = 2147483647;
			files = (
			);
			runOnlyForDeploymentPostprocessing = 0;
		};
/* End PBXFrameworksBuildPhase section */

/* Begin PBXGroup section */
		181751CF20874E2B001AECC4 = {
			isa = PBXGroup;
			children = (
				181751DA20874E2B001AECC4 /* heax */,
				181751EF20874E2D001AECC4 /* heaxTests */,
				181751FA20874E2D001AECC4 /* heaxUITests */,
				181751D920874E2B001AECC4 /* Products */,
			);
			sourceTree = "<group>";
		};
		181751D920874E2B001AECC4 /* Products */ = {
			isa = PBXGroup;
			children = (
				181751D820874E2B001AECC4 /* heax.app */,
				181751EC20874E2D001AECC4 /* heaxTests.xctest */,
				181751F720874E2D001AECC4 /* heaxUITests.xctest */,
			);
			name = Products;
			sourceTree = "<group>";
		};
		181751DA20874E2B001AECC4 /* heax */ = {
			isa = PBXGroup;
			children = (
				181751DB20874E2B001AECC4 /* AppDelegate.swift */,
				181751DD20874E2B001AECC4 /* ViewController.swift */,
				181751DF20874E2B001AECC4 /* Main.storyboard */,
				181751E220874E2D001AECC4 /* Assets.xcassets */,
				181751E420874E2D001AECC4 /* LaunchScreen.storyboard */,
				181751E720874E2D001AECC4 /* Info.plist */,
			);
			path = heax;
			sourceTree = "<group>";
		};
		181751EF20874E2D001AECC4 /* heaxTests */ = {
			isa = PBXGroup;
			children = (
				181751F020874E2D001AECC4 /* heaxTests.swift */,
				181751F220874E2D001AECC4 /* Info.plist */,
			);
			path = heaxTests;
			sourceTree = "<group>";
		};
		181751FA20874E2D001AECC4 /* heaxUITests */ = {
			isa = PBXGroup;
			children = (
				181751FB20874E2D001AECC4 /* heaxUITests.swift */,
				181751FD20874E2D001AECC4 /* Info.plist */,
			);
			path = heaxUITests;
			sourceTree = "<group>";
		};
/* End PBXGroup section */

/* Begin PBXNativeTarget section */
		181751D720874E2B001AECC4 /* heax */ = {
			isa = PBXNativeTarget;
			buildConfigurationList = 1817520020874E2D001AECC4 /* Build configuration list for PBXNativeTarget "heax" */;
			buildPhases = (
				181751D420874E2B001AECC4 /* Sources */,
				181751D520874E2B001AECC4 /* Frameworks */,
				181751D620874E2B001AECC4 /* Resources */,
			);
			buildRules = (
			);
			dependencies = (
			);
			name = heax;
			productName = heax;
			productReference = 181751D820874E2B001AECC4 /* heax.app */;
			productType = "com.apple.product-type.application";
		};
		181751EB20874E2D001AECC4 /* heaxTests */ = {
			isa = PBXNativeTarget;
			buildConfigurationList = 1817520320874E2D001AECC4 /* Build configuration list for PBXNativeTarget "heaxTests" */;
			buildPhases = (
				181751E820874E2D001AECC4 /* Sources */,
				181751E920874E2D001AECC4 /* Frameworks */,
				181751EA20874E2D001AECC4 /* Resources */,
			);
			buildRules = (
			);
			dependencies = (
				181751EE20874E2D001AECC4 /* PBXTargetDependency */,
			);
			name = heaxTests;
			productName = heaxTests;
			productReference = 181751EC20874E2D001AECC4 /* heaxTests.xctest */;
			productType = "com.apple.product-type.bundle.unit-test";
		};
		181751F620874E2D001AECC4 /* heaxUITests */ = {
			isa = PBXNativeTarget;
			buildConfigurationList = 1817520620874E2D001AECC4 /* Build configuration list for PBXNativeTarget "heaxUITests" */;
			buildPhases = (
				181751F320874E2D001AECC4 /* Sources */,
				181751F420874E2D001AECC4 /* Frameworks */,
				181751F520874E2D001AECC4 /* Resources */,
			);
			buildRules = (
			);
			dependencies = (
				181751F920874E2D001AECC4 /* PBXTargetDependency */,
			);
			name = heaxUITests;
			productName = heaxUITests;
			productReference = 181751F720874E2D001AECC4 /* heaxUITests.xctest */;
			productType = "com.apple.product-type.bundle.ui-testing";
		};
/* End PBXNativeTarget section */

/* Begin PBXProject section */
		181751D020874E2B001AECC4 /* Project object */ = {
			isa = PBXProject;
			attributes = {
				LastSwiftUpdateCheck = 0930;
				LastUpgradeCheck = 0930;
				ORGANIZATIONNAME = apple;
				TargetAttributes = {
					181751D720874E2B001AECC4 = {
						CreatedOnToolsVersion = 9.3;
					};
					181751EB20874E2D001AECC4 = {
						CreatedOnToolsVersion = 9.3;
						TestTargetID = 181751D720874E2B001AECC4;
					};
					181751F620874E2D001AECC4 = {
						CreatedOnToolsVersion = 9.3;
						TestTargetID = 181751D720874E2B001AECC4;
					};
				};
			};
			buildConfigurationList = 181751D320874E2B001AECC4 /* Build configuration list for PBXProject "heax" */;
			compatibilityVersion = "Xcode 9.3";
			developmentRegion = en;
			hasScannedForEncodings = 0;
			knownRegions = (
				en,
				Base,
			);
			mainGroup = 181751CF20874E2B001AECC4;
			productRefGroup = 181751D920874E2B001AECC4 /* Products */;
			projectDirPath = "";
			projectRoot = "";
			targets = (
				181751D720874E2B001AECC4 /* heax */,
				181751EB20874E2D001AECC4 /* heaxTests */,
				181751F620874E2D001AECC4 /* heaxUITests */,
			);
		};
/* End PBXProject section */

/* Begin PBXResourcesBuildPhase section */
		181751D620874E2B001AECC4 /* Resources */ = {
			isa = PBXResourcesBuildPhase;
			buildActionMask = 2147483647;
			files = (
				181751E620874E2D001AECC4 /* LaunchScreen.storyboard in Resources */,
				181751E320874E2D001AECC4 /* Assets.xcassets in Resources */,
				181751E120874E2B001AECC4 /* Main.storyboard in Resources */,
			);
			runOnlyForDeploymentPostprocessing = 0;
		};
		181751EA20874E2D001AECC4 /* Resources */ = {
			isa = PBXResourcesBuildPhase;
			buildActionMask = 2147483647;
			files = (
			);
			runOnlyForDeploymentPostprocessing = 0;
		};
		181751F520874E2D001AECC4 /* Resources */ = {
			isa = PBXResourcesBuildPhase;
			buildActionMask = 2147483647;
			files = (
			);
			runOnlyForDeploymentPostprocessing = 0;
		};
/* End PBXResourcesBuildPhase section */

/* Begin PBXSourcesBuildPhase section */
		181751D420874E2B001AECC4 /* Sources */ = {
			isa = PBXSourcesBuildPhase;
			buildActionMask = 2147483647;
			files = (
				181751DE20874E2B001AECC4 /* ViewController.swift in Sources */,
				181751DC20874E2B001AECC4 /* AppDelegate.swift in Sources */,
			);
			runOnlyForDeploymentPostprocessing = 0;
		};
		181751E820874E2D001AECC4 /* Sources */ = {
			isa = PBXSourcesBuildPhase;
			buildActionMask = 2147483647;
			files = (
				181751F120874E2D001AECC4 /* heaxTests.swift in Sources */,
			);
			runOnlyForDeploymentPostprocessing = 0;
		};
		181751F320874E2D001AECC4 /* Sources */ = {
			isa = PBXSourcesBuildPhase;
			buildActionMask = 2147483647;
			files = (
				181751FC20874E2D001AECC4 /* heaxUITests.swift in Sources */,
			);
			runOnlyForDeploymentPostprocessing = 0;
		};
/* End PBXSourcesBuildPhase section */

/* Begin PBXTargetDependency section */
		181751EE20874E2D001AECC4 /* PBXTargetDependency */ = {
			isa = PBXTargetDependency;
			target = 181751D720874E2B001AECC4 /* heax */;
			targetProxy = 181751ED20874E2D001AECC4 /* PBXContainerItemProxy */;
		};
		181751F920874E2D001AECC4 /* PBXTargetDependency */ = {
			isa = PBXTargetDependency;
			target = 181751D720874E2B001AECC4 /* heax */;
			targetProxy = 181751F820874E2D001AECC4 /* PBXContainerItemProxy */;
		};
/* End PBXTargetDependency section */

/* Begin PBXVariantGroup section */
		181751DF20874E2B001AECC4 /* Main.storyboard */ = {
			isa = PBXVariantGroup;
			children = (
				181751E020874E2B001AECC4 /* Base */,
			);
			name = Main.storyboard;
			sourceTree = "<group>";
		};
		181751E420874E2D001AECC4 /* LaunchScreen.storyboard */ = {
			isa = PBXVariantGroup;
			children = (
				181751E520874E2D001AECC4 /* Base */,
			);
			name = LaunchScreen.storyboard;
			sourceTree = "<group>";
		};
/* End PBXVariantGroup section */

/* Begin XCBuildConfiguration section */
		181751FE20874E2D001AECC4 /* Debug */ = {
			isa = XCBuildConfiguration;
			buildSettings = {
				ALWAYS_SEARCH_USER_PATHS = NO;
				CLANG_ANALYZER_NONNULL = YES;
				CLANG_ANALYZER_NUMBER_OBJECT_CONVERSION = YES_AGGRESSIVE;
				CLANG_CXX_LANGUAGE_STANDARD = "gnu++14";
				CLANG_CXX_LIBRARY = "libc++";
				CLANG_ENABLE_MODULES = YES;
				CLANG_ENABLE_OBJC_ARC = YES;
				CLANG_ENABLE_OBJC_WEAK = YES;
				CLANG_WARN_BLOCK_CAPTURE_AUTORELEASING = YES;
				CLANG_WARN_BOOL_CONVERSION = YES;
				CLANG_WARN_COMMA = YES;
				CLANG_WARN_CONSTANT_CONVERSION = YES;
				CLANG_WARN_DEPRECATED_OBJC_IMPLEMENTATIONS = YES;
				CLANG_WARN_DIRECT_OBJC_ISA_USAGE = YES_ERROR;
				CLANG_WARN_DOCUMENTATION_COMMENTS = YES;
				CLANG_WARN_EMPTY_BODY = YES;
				CLANG_WARN_ENUM_CONVERSION = YES;
				CLANG_WARN_INFINITE_RECURSION = YES;
				CLANG_WARN_INT_CONVERSION = YES;
				CLANG_WARN_NON_LITERAL_NULL_CONVERSION = YES;
				CLANG_WARN_OBJC_IMPLICIT_RETAIN_SELF = YES;
				CLANG_WARN_OBJC_LITERAL_CONVERSION = YES;
				CLANG_WARN_OBJC_ROOT_CLASS = YES_ERROR;
				CLANG_WARN_RANGE_LOOP_ANALYSIS = YES;
				CLANG_WARN_STRICT_PROTOTYPES = YES;
				CLANG_WARN_SUSPICIOUS_MOVE = YES;
				CLANG_WARN_UNGUARDED_AVAILABILITY = YES_AGGRESSIVE;
				CLANG_WARN_UNREACHABLE_CODE = YES;
				CLANG_WARN__DUPLICATE_METHOD_MATCH = YES;
				CODE_SIGN_IDENTITY = "iPhone Developer";
				COPY_PHASE_STRIP = NO;
				DEBUG_INFORMATION_FORMAT = dwarf;
				ENABLE_STRICT_OBJC_MSGSEND = YES;
				ENABLE_TESTABILITY = YES;
				GCC_C_LANGUAGE_STANDARD = gnu11;
				GCC_DYNAMIC_NO_PIC = NO;
				GCC_NO_COMMON_BLOCKS = YES;
				GCC_OPTIMIZATION_LEVEL = 0;
				GCC_PREPROCESSOR_DEFINITIONS = (
					"DEBUG=1",
					"$(inherited)",
				);
				GCC_WARN_64_TO_32_BIT_CONVERSION = YES;
				GCC_WARN_ABOUT_RETURN_TYPE = YES_ERROR;
				GCC_WARN_UNDECLARED_SELECTOR = YES;
				GCC_WARN_UNINITIALIZED_AUTOS = YES_AGGRESSIVE;
				GCC_WARN_UNUSED_FUNCTION = YES;
				GCC_WARN_UNUSED_VARIABLE = YES;
				IPHONEOS_DEPLOYMENT_TARGET = 11.3;
				MTL_ENABLE_DEBUG_INFO = YES;
				ONLY_ACTIVE_ARCH = YES;
				SDKROOT = iphoneos;
				SWIFT_ACTIVE_COMPILATION_CONDITIONS = DEBUG;
				SWIFT_OPTIMIZATION_LEVEL = "-Onone";
			};
			name = Debug;
		};
		181751FF20874E2D001AECC4 /* Release */ = {
			isa = XCBuildConfiguration;
			buildSettings = {
				ALWAYS_SEARCH_USER_PATHS = NO;
				CLANG_ANALYZER_NONNULL = YES;
				CLANG_ANALYZER_NUMBER_OBJECT_CONVERSION = YES_AGGRESSIVE;
				CLANG_CXX_LANGUAGE_STANDARD = "gnu++14";
				CLANG_CXX_LIBRARY = "libc++";
				CLANG_ENABLE_MODULES = YES;
				CLANG_ENABLE_OBJC_ARC = YES;
				CLANG_ENABLE_OBJC_WEAK = YES;
				CLANG_WARN_BLOCK_CAPTURE_AUTORELEASING = YES;
				CLANG_WARN_BOOL_CONVERSION = YES;
				CLANG_WARN_COMMA = YES;
				CLANG_WARN_CONSTANT_CONVERSION = YES;
				CLANG_WARN_DEPRECATED_OBJC_IMPLEMENTATIONS = YES;
				CLANG_WARN_DIRECT_OBJC_ISA_USAGE = YES_ERROR;
				CLANG_WARN_DOCUMENTATION_COMMENTS = YES;
				CLANG_WARN_EMPTY_BODY = YES;
				CLANG_WARN_ENUM_CONVERSION = YES;
				CLANG_WARN_INFINITE_RECURSION = YES;
				CLANG_WARN_INT_CONVERSION = YES;
				CLANG_WARN_NON_LITERAL_NULL_CONVERSION = YES;
				CLANG_WARN_OBJC_IMPLICIT_RETAIN_SELF = YES;
				CLANG_WARN_OBJC_LITERAL_CONVERSION = YES;
				CLANG_WARN_OBJC_ROOT_CLASS = YES_ERROR;
				CLANG_WARN_RANGE_LOOP_ANALYSIS = YES;
				CLANG_WARN_STRICT_PROTOTYPES = YES;
				CLANG_WARN_SUSPICIOUS_MOVE = YES;
				CLANG_WARN_UNGUARDED_AVAILABILITY = YES_AGGRESSIVE;
				CLANG_WARN_UNREACHABLE_CODE = YES;
				CLANG_WARN__DUPLICATE_METHOD_MATCH = YES;
				CODE_SIGN_IDENTITY = "iPhone Developer";
				COPY_PHASE_STRIP = NO;
				DEBUG_INFORMATION_FORMAT = "dwarf-with-dsym";
				ENABLE_NS_ASSERTIONS = NO;
				ENABLE_STRICT_OBJC_MSGSEND = YES;
				GCC_C_LANGUAGE_STANDARD = gnu11;
				GCC_NO_COMMON_BLOCKS = YES;
				GCC_WARN_64_TO_32_BIT_CONVERSION = YES;
				GCC_WARN_ABOUT_RETURN_TYPE = YES_ERROR;
				GCC_WARN_UNDECLARED_SELECTOR = YES;
				GCC_WARN_UNINITIALIZED_AUTOS = YES_AGGRESSIVE;
				GCC_WARN_UNUSED_FUNCTION = YES;
				GCC_WARN_UNUSED_VARIABLE = YES;
				IPHONEOS_DEPLOYMENT_TARGET = 11.3;
				MTL_ENABLE_DEBUG_INFO = NO;
				SDKROOT = iphoneos;
				SWIFT_COMPILATION_MODE = wholemodule;
				SWIFT_OPTIMIZATION_LEVEL = "-O";
				VALIDATE_PRODUCT = YES;
			};
			name = Release;
		};
		1817520120874E2D001AECC4 /* Debug */ = {
			isa = XCBuildConfiguration;
			buildSettings = {
				ASSETCATALOG_COMPILER_APPICON_NAME = AppIcon;
				CODE_SIGN_STYLE = Automatic;
				INFOPLIST_FILE = heax/Info.plist;
				LD_RUNPATH_SEARCH_PATHS = (
					"$(inherited)",
					"@executable_path/Frameworks",
				);
				PRODUCT_BUNDLE_IDENTIFIER = heax.heax;
				PRODUCT_NAME = "$(TARGET_NAME)";
				SWIFT_VERSION = 4.0;
				TARGETED_DEVICE_FAMILY = "1,2";
			};
			name = Debug;
		};
		1817520220874E2D001AECC4 /* Release */ = {
			isa = XCBuildConfiguration;
			buildSettings = {
				ASSETCATALOG_COMPILER_APPICON_NAME = AppIcon;
				CODE_SIGN_STYLE = Automatic;
				INFOPLIST_FILE = heax/Info.plist;
				LD_RUNPATH_SEARCH_PATHS = (
					"$(inherited)",
					"@executable_path/Frameworks",
				);
				PRODUCT_BUNDLE_IDENTIFIER = heax.heax;
				PRODUCT_NAME = "$(TARGET_NAME)";
				SWIFT_VERSION = 4.0;
				TARGETED_DEVICE_FAMILY = "1,2";
			};
			name = Release;
		};
		1817520420874E2D001AECC4 /* Debug */ = {
			isa = XCBuildConfiguration;
			buildSettings = {
				ALWAYS_EMBED_SWIFT_STANDARD_LIBRARIES = YES;
				BUNDLE_LOADER = "$(TEST_HOST)";
				CODE_SIGN_STYLE = Automatic;
				INFOPLIST_FILE = heaxTests/Info.plist;
				LD_RUNPATH_SEARCH_PATHS = (
					"$(inherited)",
					"@executable_path/Frameworks",
					"@loader_path/Frameworks",
				);
				PRODUCT_BUNDLE_IDENTIFIER = heax.heaxTests;
				PRODUCT_NAME = "$(TARGET_NAME)";
				SWIFT_VERSION = 4.0;
				TARGETED_DEVICE_FAMILY = "1,2";
				TEST_HOST = "$(BUILT_PRODUCTS_DIR)/heax.app/heax";
			};
			name = Debug;
		};
		1817520520874E2D001AECC4 /* Release */ = {
			isa = XCBuildConfiguration;
			buildSettings = {
				ALWAYS_EMBED_SWIFT_STANDARD_LIBRARIES = YES;
				BUNDLE_LOADER = "$(TEST_HOST)";
				CODE_SIGN_STYLE = Automatic;
				INFOPLIST_FILE = heaxTests/Info.plist;
				LD_RUNPATH_SEARCH_PATHS = (
					"$(inherited)",
					"@executable_path/Frameworks",
					"@loader_path/Frameworks",
				);
				PRODUCT_BUNDLE_IDENTIFIER = heax.heaxTests;
				PRODUCT_NAME = "$(TARGET_NAME)";
				SWIFT_VERSION = 4.0;
				TARGETED_DEVICE_FAMILY = "1,2";
				TEST_HOST = "$(BUILT_PRODUCTS_DIR)/heax.app/heax";
			};
			name = Release;
		};
		1817520720874E2D001AECC4 /* Debug */ = {
			isa = XCBuildConfiguration;
			buildSettings = {
				ALWAYS_EMBED_SWIFT_STANDARD_LIBRARIES = YES;
				CODE_SIGN_STYLE = Automatic;
				INFOPLIST_FILE = heaxUITests/Info.plist;
				LD_RUNPATH_SEARCH_PATHS = (
					"$(inherited)",
					"@executable_path/Frameworks",
					"@loader_path/Frameworks",
				);
				PRODUCT_BUNDLE_IDENTIFIER = heax.heaxUITests;
				PRODUCT_NAME = "$(TARGET_NAME)";
				SWIFT_VERSION = 4.0;
				TARGETED_DEVICE_FAMILY = "1,2";
				TEST_TARGET_NAME = heax;
			};
			name = Debug;
		};
		1817520820874E2D001AECC4 /* Release */ = {
			isa = XCBuildConfiguration;
			buildSettings = {
				ALWAYS_EMBED_SWIFT_STANDARD_LIBRARIES = YES;
				CODE_SIGN_STYLE = Automatic;
				INFOPLIST_FILE = heaxUITests/Info.plist;
				LD_RUNPATH_SEARCH_PATHS = (
					"$(inherited)",
					"@executable_path/Frameworks",
					"@loader_path/Frameworks",
				);
				PRODUCT_BUNDLE_IDENTIFIER = heax.heaxUITests;
				PRODUCT_NAME = "$(TARGET_NAME)";
				SWIFT_VERSION = 4.0;
				TARGETED_DEVICE_FAMILY = "1,2";
				TEST_TARGET_NAME = heax;
			};
			name = Release;
		};
/* End XCBuildConfiguration section */

/* Begin XCConfigurationList section */
		181751D320874E2B001AECC4 /* Build configuration list for PBXProject "heax" */ = {
			isa = XCConfigurationList;
			buildConfigurations = (
				181751FE20874E2D001AECC4 /* Debug */,
				181751FF20874E2D001AECC4 /* Release */,
			);
			defaultConfigurationIsVisible = 0;
			defaultConfigurationName = Release;
		};
		1817520020874E2D001AECC4 /* Build configuration list for PBXNativeTarget "heax" */ = {
			isa = XCConfigurationList;
			buildConfigurations = (
				1817520120874E2D001AECC4 /* Debug */,
				1817520220874E2D001AECC4 /* Release */,
			);
			defaultConfigurationIsVisible = 0;
			defaultConfigurationName = Release;
		};
		1817520320874E2D001AECC4 /* Build configuration list for PBXNativeTarget "heaxTests" */ = {
			isa = XCConfigurationList;
			buildConfigurations = (
				1817520420874E2D001AECC4 /* Debug */,
				1817520520874E2D001AECC4 /* Release */,
			);
			defaultConfigurationIsVisible = 0;
			defaultConfigurationName = Release;
		};
		1817520620874E2D001AECC4 /* Build configuration list for PBXNativeTarget "heaxUITests" */ = {
			isa = XCConfigurationList;
			buildConfigurations = (
				1817520720874E2D001AECC4 /* Debug */,
				1817520820874E2D001AECC4 /* Release */,
			);
			defaultConfigurationIsVisible = 0;
			defaultConfigurationName = Release;
		};
/* End XCConfigurationList section */
	};
	rootObject = 181751D020874E2B001AECC4 /* Project object */;
}
